# This file was autogenerated by uv via the following command:
#    uv pip compile pyproject.toml --all-extras -o requirements.lock
aiofiles==24.1.0
    # via video-grouper (pyproject.toml)
anyio==4.9.0
    # via httpx
certifi==2025.6.15
    # via
    #   httpcore
    #   httpx
colorama==0.4.6
    # via pytest
h11==0.16.0
    # via httpcore
httpcore==1.0.9
    # via httpx
httpx==0.28.1
    # via video-grouper (pyproject.toml)
idna==3.10
    # via
    #   anyio
    #   httpx
iniconfig==2.1.0
    # via pytest
packaging==25.0
    # via pytest
pluggy==1.6.0
    # via pytest
pygments==2.19.1
    # via pytest
pyqt6==6.9.1
    # via video-grouper (pyproject.toml)
pyqt6-qt6==6.9.1
    # via pyqt6
pyqt6-sip==13.10.2
    # via pyqt6
pytest==8.4.1
    # via
    #   video-grouper (pyproject.toml)
    #   pytest-asyncio
pytest-asyncio==1.0.0
    # via video-grouper (pyproject.toml)
pytz==2025.2
    # via video-grouper (pyproject.toml)
pywin32==310
    # via video-grouper (pyproject.toml)
sniffio==1.3.1
    # via anyio
pywinauto==0.6.8
